{
  "name": "kaioken-core",
  "lockfileVersion": 3,
  "requires": true,
  "packages": {
    "": {
      "name": "kaioken-core",
      "dependencies": {
        "kaioken-core": "file:"
      },
      "devDependencies": {
        "prettier": "^3.2.5",
        "turbo": "latest"
      },
      "engines": {
        "node": ">=18"
      }
    },
    "node_modules/.pnpm/prettier@3.3.3/node_modules/prettier": {
      "version": "3.3.3",
      "dev": true,
      "license": "MIT",
      "bin": {
        "prettier": "bin/prettier.cjs"
      },
      "engines": {
        "node": ">=14"
      },
      "funding": {
        "url": "https://github.com/prettier/prettier?sponsor=1"
      }
    },
    "node_modules/kaioken-core": {
      "resolved": "",
      "link": true
    },
    "node_modules/prettier": {
      "resolved": "node_modules/.pnpm/prettier@3.3.3/node_modules/prettier",
      "link": true
    },
    "node_modules/turbo": {
      "version": "2.1.2",
      "resolved": "https://registry.npmjs.org/turbo/-/turbo-2.1.2.tgz",
      "integrity": "sha512-Jb0rbU4iHEVQ18An/YfakdIv9rKnd3zUfSE117EngrfWXFHo3RndVH96US3GsT8VHpwTncPePDBT2t06PaFLrw==",
      "dev": true,
      "license": "MIT",
      "bin": {
        "turbo": "bin/turbo"
      },
      "optionalDependencies": {
        "turbo-darwin-64": "2.1.2",
        "turbo-darwin-arm64": "2.1.2",
        "turbo-linux-64": "2.1.2",
        "turbo-linux-arm64": "2.1.2",
        "turbo-windows-64": "2.1.2",
        "turbo-windows-arm64": "2.1.2"
      }
    },
    "node_modules/turbo-darwin-64": {
      "version": "2.1.2",
      "resolved": "https://registry.npmjs.org/turbo-darwin-64/-/turbo-darwin-64-2.1.2.tgz",
      "integrity": "sha512-3TEBxHWh99h2yIzkuIigMEOXt/ItYQp0aPiJjPd1xN4oDcsKK5AxiFKPH9pdtfIBzYsY59kQhZiFj0ELnSP7Bw==",
      "cpu": [
        "x64"
      ],
      "dev": true,
      "license": "MIT",
      "optional": true,
      "os": [
        "darwin"
      ]
    },
    "node_modules/turbo-darwin-arm64": {
      "version": "2.1.2",
      "resolved": "https://registry.npmjs.org/turbo-darwin-arm64/-/turbo-darwin-arm64-2.1.2.tgz",
      "integrity": "sha512-he0miWNq2WxJzsH82jS2Z4MXpnkzn9SH8a79iPXiJkq25QREImucscM4RPasXm8wARp91pyysJMq6aasD45CeA==",
      "cpu": [
        "arm64"
      ],
      "dev": true,
      "license": "MIT",
      "optional": true,
      "os": [
        "darwin"
      ]
    },
    "node_modules/turbo-linux-64": {
      "version": "2.1.2",
      "resolved": "https://registry.npmjs.org/turbo-linux-64/-/turbo-linux-64-2.1.2.tgz",
      "integrity": "sha512-fKUBcc0rK8Vdqv5a/E3CSpMBLG1bzwv+Q0Q83F8fG2ZfNCNKGbcEYABdonNZkkx141Rj03cZQFCgxu3MVEGU+A==",
      "cpu": [
        "x64"
      ],
      "dev": true,
      "license": "MIT",
      "optional": true,
      "os": [
        "linux"
      ]
    },
    "node_modules/turbo-linux-arm64": {
      "version": "2.1.2",
      "resolved": "https://registry.npmjs.org/turbo-linux-arm64/-/turbo-linux-arm64-2.1.2.tgz",
      "integrity": "sha512-sV8Bpmm0WiuxgbhxymcC7wSsuxfBBieI98GegSwbr/bs1ANAgzCg93urIrdKdQ3/b31zZxQwcaP4FBF1wx1Qdg==",
      "cpu": [
        "arm64"
      ],
      "dev": true,
      "license": "MIT",
      "optional": true,
      "os": [
        "linux"
      ]
    },
    "node_modules/turbo-windows-64": {
      "version": "2.1.2",
      "resolved": "https://registry.npmjs.org/turbo-windows-64/-/turbo-windows-64-2.1.2.tgz",
      "integrity": "sha512-wcmIJZI9ORT9ykHGliFE6kWRQrlH930QGSjSgWC8uFChFFuOyUlvC7ttcxuSvU9VqC7NF4C+GVAcFJQ8lTjN7g==",
      "cpu": [
        "x64"
      ],
      "dev": true,
      "license": "MIT",
      "optional": true,
      "os": [
        "win32"
      ]
    },
    "node_modules/turbo-windows-arm64": {
      "version": "2.1.2",
      "resolved": "https://registry.npmjs.org/turbo-windows-arm64/-/turbo-windows-arm64-2.1.2.tgz",
      "integrity": "sha512-zdnXjrhk7YO6CP+Q5wPueEvOCLH4lDa6C4rrwiakcWcPgcQGbVozJlo4uaQ6awo8HLWQEvOwu84RkWTdLAc/Hw==",
      "cpu": [
        "arm64"
      ],
      "dev": true,
      "license": "MIT",
      "optional": true,
      "os": [
        "win32"
      ]
    }
  }
}
